// !$*UTF8*$!
{
	archiveVersion = 1;
	classes = {
	};
	objectVersion = 46;
	objects = {

/* Begin PBXBuildFile section */
		0B0FD9491CBF2BBD008FF72E /* btn.wav in Resources */ = {isa = PBXBuildFile; fileRef = 0B0FD9481CBF2BBD008FF72E /* btn.wav */; };
		0B0FD94B1CBF2D06008FF72E /* treasure.mp3 in Resources */ = {isa = PBXBuildFile; fileRef = 0B0FD94A1CBF2D06008FF72E /* treasure.mp3 */; };
		0B0FD94D1CBF2F4A008FF72E /* sword.mp3 in Resources */ = {isa = PBXBuildFile; fileRef = 0B0FD94C1CBF2F4A008FF72E /* sword.mp3 */; };
		0B0FD94F1CBF2F5C008FF72E /* troll.mp3 in Resources */ = {isa = PBXBuildFile; fileRef = 0B0FD94E1CBF2F5C008FF72E /* troll.mp3 */; };
		0B0FD9511CBF30F7008FF72E /* knight.mp3 in Resources */ = {isa = PBXBuildFile; fileRef = 0B0FD9501CBF30F7008FF72E /* knight.mp3 */; };
		0B0FD9531CBF3216008FF72E /* medievalBgMusic.mp3 in Resources */ = {isa = PBXBuildFile; fileRef = 0B0FD9521CBF3216008FF72E /* medievalBgMusic.mp3 */; };
		0B0FD9551CBF3417008FF72E /* sword2.mp3 in Resources */ = {isa = PBXBuildFile; fileRef = 0B0FD9541CBF3417008FF72E /* sword2.mp3 */; };
		0B7F5EE41CBEDCEB0042CE3E /* AppDelegate.swift in Sources */ = {isa = PBXBuildFile; fileRef = 0B7F5EE31CBEDCEB0042CE3E /* AppDelegate.swift */; };
		0B7F5EE61CBEDCEB0042CE3E /* ViewController.swift in Sources */ = {isa = PBXBuildFile; fileRef = 0B7F5EE51CBEDCEB0042CE3E /* ViewController.swift */; };
		0B7F5EE91CBEDCEB0042CE3E /* Main.storyboard in Resources */ = {isa = PBXBuildFile; fileRef = 0B7F5EE71CBEDCEB0042CE3E /* Main.storyboard */; };
		0B7F5EEB1CBEDCEB0042CE3E /* Assets.xcassets in Resources */ = {isa = PBXBuildFile; fileRef = 0B7F5EEA1CBEDCEB0042CE3E /* Assets.xcassets */; };
		0B7F5EEE1CBEDCEB0042CE3E /* LaunchScreen.storyboard in Resources */ = {isa = PBXBuildFile; fileRef = 0B7F5EEC1CBEDCEB0042CE3E /* LaunchScreen.storyboard */; };
		0B7F5EF91CBEDCEB0042CE3E /* oop_game_2Tests.swift in Sources */ = {isa = PBXBuildFile; fileRef = 0B7F5EF81CBEDCEB0042CE3E /* oop_game_2Tests.swift */; };
		0B7F5F041CBEDCEB0042CE3E /* oop_game_2UITests.swift in Sources */ = {isa = PBXBuildFile; fileRef = 0B7F5F031CBEDCEB0042CE3E /* oop_game_2UITests.swift */; };
		0B7F5F121CBEE1090042CE3E /* Minecraft.ttf in Resources */ = {isa = PBXBuildFile; fileRef = 0B7F5F111CBEE1090042CE3E /* Minecraft.ttf */; };
		0B7F5F141CBEE47D0042CE3E /* Character.swift in Sources */ = {isa = PBXBuildFile; fileRef = 0B7F5F131CBEE47D0042CE3E /* Character.swift */; };
		0B7F5F161CBEE58F0042CE3E /* Player2.swift in Sources */ = {isa = PBXBuildFile; fileRef = 0B7F5F151CBEE58F0042CE3E /* Player2.swift */; };
		0B7F5F181CBEE5F00042CE3E /* Player.swift in Sources */ = {isa = PBXBuildFile; fileRef = 0B7F5F171CBEE5F00042CE3E /* Player.swift */; };
		0B7F5F1A1CBEE9780042CE3E /* Player1.swift in Sources */ = {isa = PBXBuildFile; fileRef = 0B7F5F191CBEE9780042CE3E /* Player1.swift */; };
/* End PBXBuildFile section */

/* Begin PBXContainerItemProxy section */
		0B7F5EF51CBEDCEB0042CE3E /* PBXContainerItemProxy */ = {
			isa = PBXContainerItemProxy;
			containerPortal = 0B7F5ED81CBEDCEB0042CE3E /* Project object */;
			proxyType = 1;
			remoteGlobalIDString = 0B7F5EDF1CBEDCEB0042CE3E;
			remoteInfo = "oop-game-2";
		};
		0B7F5F001CBEDCEB0042CE3E /* PBXContainerItemProxy */ = {
			isa = PBXContainerItemProxy;
			containerPortal = 0B7F5ED81CBEDCEB0042CE3E /* Project object */;
			proxyType = 1;
			remoteGlobalIDString = 0B7F5EDF1CBEDCEB0042CE3E;
			remoteInfo = "oop-game-2";
		};
/* End PBXContainerItemProxy section */

/* Begin PBXFileReference section */
		0B0FD9481CBF2BBD008FF72E /* btn.wav */ = {isa = PBXFileReference; lastKnownFileType = audio.wav; path = btn.wav; sourceTree = "<group>"; };
		0B0FD94A1CBF2D06008FF72E /* treasure.mp3 */ = {isa = PBXFileReference; lastKnownFileType = audio.mp3; path = treasure.mp3; sourceTree = "<group>"; };
		0B0FD94C1CBF2F4A008FF72E /* sword.mp3 */ = {isa = PBXFileReference; lastKnownFileType = audio.mp3; path = sword.mp3; sourceTree = "<group>"; };
		0B0FD94E1CBF2F5C008FF72E /* troll.mp3 */ = {isa = PBXFileReference; lastKnownFileType = audio.mp3; path = troll.mp3; sourceTree = "<group>"; };
		0B0FD9501CBF30F7008FF72E /* knight.mp3 */ = {isa = PBXFileReference; lastKnownFileType = audio.mp3; path = knight.mp3; sourceTree = "<group>"; };
		0B0FD9521CBF3216008FF72E /* medievalBgMusic.mp3 */ = {isa = PBXFileReference; lastKnownFileType = audio.mp3; path = medievalBgMusic.mp3; sourceTree = "<group>"; };
		0B0FD9541CBF3417008FF72E /* sword2.mp3 */ = {isa = PBXFileReference; lastKnownFileType = audio.mp3; path = sword2.mp3; sourceTree = "<group>"; };
		0B7F5EE01CBEDCEB0042CE3E /* oop-game-2.app */ = {isa = PBXFileReference; explicitFileType = wrapper.application; includeInIndex = 0; path = "oop-game-2.app"; sourceTree = BUILT_PRODUCTS_DIR; };
		0B7F5EE31CBEDCEB0042CE3E /* AppDelegate.swift */ = {isa = PBXFileReference; lastKnownFileType = sourcecode.swift; path = AppDelegate.swift; sourceTree = "<group>"; };
		0B7F5EE51CBEDCEB0042CE3E /* ViewController.swift */ = {isa = PBXFileReference; lastKnownFileType = sourcecode.swift; path = ViewController.swift; sourceTree = "<group>"; };
		0B7F5EE81CBEDCEB0042CE3E /* Base */ = {isa = PBXFileReference; lastKnownFileType = file.storyboard; name = Base; path = Base.lproj/Main.storyboard; sourceTree = "<group>"; };
		0B7F5EEA1CBEDCEB0042CE3E /* Assets.xcassets */ = {isa = PBXFileReference; lastKnownFileType = folder.assetcatalog; path = Assets.xcassets; sourceTree = "<group>"; };
		0B7F5EED1CBEDCEB0042CE3E /* Base */ = {isa = PBXFileReference; lastKnownFileType = file.storyboard; name = Base; path = Base.lproj/LaunchScreen.storyboard; sourceTree = "<group>"; };
		0B7F5EEF1CBEDCEB0042CE3E /* Info.plist */ = {isa = PBXFileReference; lastKnownFileType = text.plist.xml; path = Info.plist; sourceTree = "<group>"; };
		0B7F5EF41CBEDCEB0042CE3E /* oop-game-2Tests.xctest */ = {isa = PBXFileReference; explicitFileType = wrapper.cfbundle; includeInIndex = 0; path = "oop-game-2Tests.xctest"; sourceTree = BUILT_PRODUCTS_DIR; };
		0B7F5EF81CBEDCEB0042CE3E /* oop_game_2Tests.swift */ = {isa = PBXFileReference; lastKnownFileType = sourcecode.swift; path = oop_game_2Tests.swift; sourceTree = "<group>"; };
		0B7F5EFA1CBEDCEB0042CE3E /* Info.plist */ = {isa = PBXFileReference; lastKnownFileType = text.plist.xml; path = Info.plist; sourceTree = "<group>"; };
		0B7F5EFF1CBEDCEB0042CE3E /* oop-game-2UITests.xctest */ = {isa = PBXFileReference; explicitFileType = wrapper.cfbundle; includeInIndex = 0; path = "oop-game-2UITests.xctest"; sourceTree = BUILT_PRODUCTS_DIR; };
		0B7F5F031CBEDCEB0042CE3E /* oop_game_2UITests.swift */ = {isa = PBXFileReference; lastKnownFileType = sourcecode.swift; path = oop_game_2UITests.swift; sourceTree = "<group>"; };
		0B7F5F051CBEDCEB0042CE3E /* Info.plist */ = {isa = PBXFileReference; lastKnownFileType = text.plist.xml; path = Info.plist; sourceTree = "<group>"; };
		0B7F5F111CBEE1090042CE3E /* Minecraft.ttf */ = {isa = PBXFileReference; lastKnownFileType = file; name = Minecraft.ttf; path = ../Minecraft.ttf; sourceTree = "<group>"; };
		0B7F5F131CBEE47D0042CE3E /* Character.swift */ = {isa = PBXFileReference; fileEncoding = 4; lastKnownFileType = sourcecode.swift; path = Character.swift; sourceTree = "<group>"; };
		0B7F5F151CBEE58F0042CE3E /* Player2.swift */ = {isa = PBXFileReference; fileEncoding = 4; lastKnownFileType = sourcecode.swift; path = Player2.swift; sourceTree = "<group>"; };
		0B7F5F171CBEE5F00042CE3E /* Player.swift */ = {isa = PBXFileReference; fileEncoding = 4; lastKnownFileType = sourcecode.swift; path = Player.swift; sourceTree = "<group>"; };
		0B7F5F191CBEE9780042CE3E /* Player1.swift */ = {isa = PBXFileReference; fileEncoding = 4; lastKnownFileType = sourcecode.swift; path = Player1.swift; sourceTree = "<group>"; };
/* End PBXFileReference section */

/* Begin PBXFrameworksBuildPhase section */
		0B7F5EDD1CBEDCEB0042CE3E /* Frameworks */ = {
			isa = PBXFrameworksBuildPhase;
			buildActionMask = 2147483647;
			files = (
			);
			runOnlyForDeploymentPostprocessing = 0;
		};
		0B7F5EF11CBEDCEB0042CE3E /* Frameworks */ = {
			isa = PBXFrameworksBuildPhase;
			buildActionMask = 2147483647;
			files = (
			);
			runOnlyForDeploymentPostprocessing = 0;
		};
		0B7F5EFC1CBEDCEB0042CE3E /* Frameworks */ = {
			isa = PBXFrameworksBuildPhase;
			buildActionMask = 2147483647;
			files = (
			);
			runOnlyForDeploymentPostprocessing = 0;
		};
/* End PBXFrameworksBuildPhase section */

/* Begin PBXGroup section */
		0B7F5ED71CBEDCEB0042CE3E = {
			isa = PBXGroup;
			children = (
				0B7F5EE21CBEDCEB0042CE3E /* oop-game-2 */,
				0B7F5EF71CBEDCEB0042CE3E /* oop-game-2Tests */,
				0B7F5F021CBEDCEB0042CE3E /* oop-game-2UITests */,
				0B7F5EE11CBEDCEB0042CE3E /* Products */,
			);
			sourceTree = "<group>";
		};
		0B7F5EE11CBEDCEB0042CE3E /* Products */ = {
			isa = PBXGroup;
			children = (
				0B7F5EE01CBEDCEB0042CE3E /* oop-game-2.app */,
				0B7F5EF41CBEDCEB0042CE3E /* oop-game-2Tests.xctest */,
				0B7F5EFF1CBEDCEB0042CE3E /* oop-game-2UITests.xctest */,
			);
			name = Products;
			sourceTree = "<group>";
		};
		0B7F5EE21CBEDCEB0042CE3E /* oop-game-2 */ = {
			isa = PBXGroup;
			children = (
				0B7F5F111CBEE1090042CE3E /* Minecraft.ttf */,
				0B0FD9481CBF2BBD008FF72E /* btn.wav */,
				0B0FD94C1CBF2F4A008FF72E /* sword.mp3 */,
				0B0FD94E1CBF2F5C008FF72E /* troll.mp3 */,
				0B0FD9541CBF3417008FF72E /* sword2.mp3 */,
				0B0FD94A1CBF2D06008FF72E /* treasure.mp3 */,
				0B0FD9501CBF30F7008FF72E /* knight.mp3 */,
				0B0FD9521CBF3216008FF72E /* medievalBgMusic.mp3 */,
				0B7F5EE31CBEDCEB0042CE3E /* AppDelegate.swift */,
				0B7F5EE51CBEDCEB0042CE3E /* ViewController.swift */,
				0B7F5EE71CBEDCEB0042CE3E /* Main.storyboard */,
				0B7F5EEA1CBEDCEB0042CE3E /* Assets.xcassets */,
				0B7F5EEC1CBEDCEB0042CE3E /* LaunchScreen.storyboard */,
				0B7F5EEF1CBEDCEB0042CE3E /* Info.plist */,
				0B7F5F131CBEE47D0042CE3E /* Character.swift */,
				0B7F5F171CBEE5F00042CE3E /* Player.swift */,
				0B7F5F191CBEE9780042CE3E /* Player1.swift */,
				0B7F5F151CBEE58F0042CE3E /* Player2.swift */,
			);
			path = "oop-game-2";
			sourceTree = "<group>";
		};
		0B7F5EF71CBEDCEB0042CE3E /* oop-game-2Tests */ = {
			isa = PBXGroup;
			children = (
				0B7F5EF81CBEDCEB0042CE3E /* oop_game_2Tests.swift */,
				0B7F5EFA1CBEDCEB0042CE3E /* Info.plist */,
			);
			path = "oop-game-2Tests";
			sourceTree = "<group>";
		};
		0B7F5F021CBEDCEB0042CE3E /* oop-game-2UITests */ = {
			isa = PBXGroup;
			children = (
				0B7F5F031CBEDCEB0042CE3E /* oop_game_2UITests.swift */,
				0B7F5F051CBEDCEB0042CE3E /* Info.plist */,
			);
			path = "oop-game-2UITests";
			sourceTree = "<group>";
		};
/* End PBXGroup section */

/* Begin PBXNativeTarget section */
		0B7F5EDF1CBEDCEB0042CE3E /* oop-game-2 */ = {
			isa = PBXNativeTarget;
			buildConfigurationList = 0B7F5F081CBEDCEB0042CE3E /* Build configuration list for PBXNativeTarget "oop-game-2" */;
			buildPhases = (
				0B7F5EDC1CBEDCEB0042CE3E /* Sources */,
				0B7F5EDD1CBEDCEB0042CE3E /* Frameworks */,
				0B7F5EDE1CBEDCEB0042CE3E /* Resources */,
			);
			buildRules = (
			);
			dependencies = (
			);
			name = "oop-game-2";
			productName = "oop-game-2";
			productReference = 0B7F5EE01CBEDCEB0042CE3E /* oop-game-2.app */;
			productType = "com.apple.product-type.application";
		};
		0B7F5EF31CBEDCEB0042CE3E /* oop-game-2Tests */ = {
			isa = PBXNativeTarget;
			buildConfigurationList = 0B7F5F0B1CBEDCEB0042CE3E /* Build configuration list for PBXNativeTarget "oop-game-2Tests" */;
			buildPhases = (
				0B7F5EF01CBEDCEB0042CE3E /* Sources */,
				0B7F5EF11CBEDCEB0042CE3E /* Frameworks */,
				0B7F5EF21CBEDCEB0042CE3E /* Resources */,
			);
			buildRules = (
			);
			dependencies = (
				0B7F5EF61CBEDCEB0042CE3E /* PBXTargetDependency */,
			);
			name = "oop-game-2Tests";
			productName = "oop-game-2Tests";
			productReference = 0B7F5EF41CBEDCEB0042CE3E /* oop-game-2Tests.xctest */;
			productType = "com.apple.product-type.bundle.unit-test";
		};
		0B7F5EFE1CBEDCEB0042CE3E /* oop-game-2UITests */ = {
			isa = PBXNativeTarget;
			buildConfigurationList = 0B7F5F0E1CBEDCEB0042CE3E /* Build configuration list for PBXNativeTarget "oop-game-2UITests" */;
			buildPhases = (
				0B7F5EFB1CBEDCEB0042CE3E /* Sources */,
				0B7F5EFC1CBEDCEB0042CE3E /* Frameworks */,
				0B7F5EFD1CBEDCEB0042CE3E /* Resources */,
			);
			buildRules = (
			);
			dependencies = (
				0B7F5F011CBEDCEB0042CE3E /* PBXTargetDependency */,
			);
			name = "oop-game-2UITests";
			productName = "oop-game-2UITests";
			productReference = 0B7F5EFF1CBEDCEB0042CE3E /* oop-game-2UITests.xctest */;
			productType = "com.apple.product-type.bundle.ui-testing";
		};
/* End PBXNativeTarget section */

/* Begin PBXProject section */
		0B7F5ED81CBEDCEB0042CE3E /* Project object */ = {
			isa = PBXProject;
			attributes = {
				LastSwiftUpdateCheck = 0730;
				LastUpgradeCheck = 0730;
				ORGANIZATIONNAME = "Cody Condon";
				TargetAttributes = {
					0B7F5EDF1CBEDCEB0042CE3E = {
						CreatedOnToolsVersion = 7.3;
					};
					0B7F5EF31CBEDCEB0042CE3E = {
						CreatedOnToolsVersion = 7.3;
						TestTargetID = 0B7F5EDF1CBEDCEB0042CE3E;
					};
					0B7F5EFE1CBEDCEB0042CE3E = {
						CreatedOnToolsVersion = 7.3;
						TestTargetID = 0B7F5EDF1CBEDCEB0042CE3E;
					};
				};
			};
			buildConfigurationList = 0B7F5EDB1CBEDCEB0042CE3E /* Build configuration list for PBXProject "oop-game-2" */;
			compatibilityVersion = "Xcode 3.2";
			developmentRegion = English;
			hasScannedForEncodings = 0;
			knownRegions = (
				en,
				Base,
			);
			mainGroup = 0B7F5ED71CBEDCEB0042CE3E;
			productRefGroup = 0B7F5EE11CBEDCEB0042CE3E /* Products */;
			projectDirPath = "";
			projectRoot = "";
			targets = (
				0B7F5EDF1CBEDCEB0042CE3E /* oop-game-2 */,
				0B7F5EF31CBEDCEB0042CE3E /* oop-game-2Tests */,
				0B7F5EFE1CBEDCEB0042CE3E /* oop-game-2UITests */,
			);
		};
/* End PBXProject section */

/* Begin PBXResourcesBuildPhase section */
		0B7F5EDE1CBEDCEB0042CE3E /* Resources */ = {
			isa = PBXResourcesBuildPhase;
			buildActionMask = 2147483647;
			files = (
				0B0FD9531CBF3216008FF72E /* medievalBgMusic.mp3 in Resources */,
				0B0FD94D1CBF2F4A008FF72E /* sword.mp3 in Resources */,
				0B0FD9491CBF2BBD008FF72E /* btn.wav in Resources */,
				0B7F5EEE1CBEDCEB0042CE3E /* LaunchScreen.storyboard in Resources */,
				0B0FD9551CBF3417008FF72E /* sword2.mp3 in Resources */,
				0B7F5EEB1CBEDCEB0042CE3E /* Assets.xcassets in Resources */,
				0B0FD94F1CBF2F5C008FF72E /* troll.mp3 in Resources */,
				0B0FD9511CBF30F7008FF72E /* knight.mp3 in Resources */,
				0B0FD94B1CBF2D06008FF72E /* treasure.mp3 in Resources */,
				0B7F5F121CBEE1090042CE3E /* Minecraft.ttf in Resources */,
				0B7F5EE91CBEDCEB0042CE3E /* Main.storyboard in Resources */,
			);
			runOnlyForDeploymentPostprocessing = 0;
		};
		0B7F5EF21CBEDCEB0042CE3E /* Resources */ = {
			isa = PBXResourcesBuildPhase;
			buildActionMask = 2147483647;
			files = (
			);
			runOnlyForDeploymentPostprocessing = 0;
		};
		0B7F5EFD1CBEDCEB0042CE3E /* Resources */ = {
			isa = PBXResourcesBuildPhase;
			buildActionMask = 2147483647;
			files = (
			);
			runOnlyForDeploymentPostprocessing = 0;
		};
/* End PBXResourcesBuildPhase section */

/* Begin PBXSourcesBuildPhase section */
		0B7F5EDC1CBEDCEB0042CE3E /* Sources */ = {
			isa = PBXSourcesBuildPhase;
			buildActionMask = 2147483647;
			files = (
				0B7F5F1A1CBEE9780042CE3E /* Player1.swift in Sources */,
				0B7F5F141CBEE47D0042CE3E /* Character.swift in Sources */,
				0B7F5EE61CBEDCEB0042CE3E /* ViewController.swift in Sources */,
				0B7F5F161CBEE58F0042CE3E /* Player2.swift in Sources */,
				0B7F5F181CBEE5F00042CE3E /* Player.swift in Sources */,
				0B7F5EE41CBEDCEB0042CE3E /* AppDelegate.swift in Sources */,
			);
			runOnlyForDeploymentPostprocessing = 0;
		};
		0B7F5EF01CBEDCEB0042CE3E /* Sources */ = {
			isa = PBXSourcesBuildPhase;
			buildActionMask = 2147483647;
			files = (
				0B7F5EF91CBEDCEB0042CE3E /* oop_game_2Tests.swift in Sources */,
			);
			runOnlyForDeploymentPostprocessing = 0;
		};
		0B7F5EFB1CBEDCEB0042CE3E /* Sources */ = {
			isa = PBXSourcesBuildPhase;
			buildActionMask = 2147483647;
			files = (
				0B7F5F041CBEDCEB0042CE3E /* oop_game_2UITests.swift in Sources */,
			);
			runOnlyForDeploymentPostprocessing = 0;
		};
/* End PBXSourcesBuildPhase section */

/* Begin PBXTargetDependency section */
		0B7F5EF61CBEDCEB0042CE3E /* PBXTargetDependency */ = {
			isa = PBXTargetDependency;
			target = 0B7F5EDF1CBEDCEB0042CE3E /* oop-game-2 */;
			targetProxy = 0B7F5EF51CBEDCEB0042CE3E /* PBXContainerItemProxy */;
		};
		0B7F5F011CBEDCEB0042CE3E /* PBXTargetDependency */ = {
			isa = PBXTargetDependency;
			target = 0B7F5EDF1CBEDCEB0042CE3E /* oop-game-2 */;
			targetProxy = 0B7F5F001CBEDCEB0042CE3E /* PBXContainerItemProxy */;
		};
/* End PBXTargetDependency section */

/* Begin PBXVariantGroup section */
		0B7F5EE71CBEDCEB0042CE3E /* Main.storyboard */ = {
			isa = PBXVariantGroup;
			children = (
				0B7F5EE81CBEDCEB0042CE3E /* Base */,
			);
			name = Main.storyboard;
			sourceTree = "<group>";
		};
		0B7F5EEC1CBEDCEB0042CE3E /* LaunchScreen.storyboard */ = {
			isa = PBXVariantGroup;
			children = (
				0B7F5EED1CBEDCEB0042CE3E /* Base */,
			);
			name = LaunchScreen.storyboard;
			sourceTree = "<group>";
		};
/* End PBXVariantGroup section */

/* Begin XCBuildConfiguration section */
		0B7F5F061CBEDCEB0042CE3E /* Debug */ = {
			isa = XCBuildConfiguration;
			buildSettings = {
				ALWAYS_SEARCH_USER_PATHS = NO;
				CLANG_ANALYZER_NONNULL = YES;
				CLANG_CXX_LANGUAGE_STANDARD = "gnu++0x";
				CLANG_CXX_LIBRARY = "libc++";
				CLANG_ENABLE_MODULES = YES;
				CLANG_ENABLE_OBJC_ARC = YES;
				CLANG_WARN_BOOL_CONVERSION = YES;
				CLANG_WARN_CONSTANT_CONVERSION = YES;
				CLANG_WARN_DIRECT_OBJC_ISA_USAGE = YES_ERROR;
				CLANG_WARN_EMPTY_BODY = YES;
				CLANG_WARN_ENUM_CONVERSION = YES;
				CLANG_WARN_INT_CONVERSION = YES;
				CLANG_WARN_OBJC_ROOT_CLASS = YES_ERROR;
				CLANG_WARN_UNREACHABLE_CODE = YES;
				CLANG_WARN__DUPLICATE_METHOD_MATCH = YES;
				"CODE_SIGN_IDENTITY[sdk=iphoneos*]" = "iPhone Developer";
				COPY_PHASE_STRIP = NO;
				DEBUG_INFORMATION_FORMAT = dwarf;
				ENABLE_STRICT_OBJC_MSGSEND = YES;
				ENABLE_TESTABILITY = YES;
				GCC_C_LANGUAGE_STANDARD = gnu99;
				GCC_DYNAMIC_NO_PIC = NO;
				GCC_NO_COMMON_BLOCKS = YES;
				GCC_OPTIMIZATION_LEVEL = 0;
				GCC_PREPROCESSOR_DEFINITIONS = (
					"DEBUG=1",
					"$(inherited)",
				);
				GCC_WARN_64_TO_32_BIT_CONVERSION = YES;
				GCC_WARN_ABOUT_RETURN_TYPE = YES_ERROR;
				GCC_WARN_UNDECLARED_SELECTOR = YES;
				GCC_WARN_UNINITIALIZED_AUTOS = YES_AGGRESSIVE;
				GCC_WARN_UNUSED_FUNCTION = YES;
				GCC_WARN_UNUSED_VARIABLE = YES;
				IPHONEOS_DEPLOYMENT_TARGET = 9.3;
				MTL_ENABLE_DEBUG_INFO = YES;
				ONLY_ACTIVE_ARCH = YES;
				SDKROOT = iphoneos;
				SWIFT_OPTIMIZATION_LEVEL = "-Onone";
				TARGETED_DEVICE_FAMILY = "1,2";
			};
			name = Debug;
		};
		0B7F5F071CBEDCEB0042CE3E /* Release */ = {
			isa = XCBuildConfiguration;
			buildSettings = {
				ALWAYS_SEARCH_USER_PATHS = NO;
				CLANG_ANALYZER_NONNULL = YES;
				CLANG_CXX_LANGUAGE_STANDARD = "gnu++0x";
				CLANG_CXX_LIBRARY = "libc++";
				CLANG_ENABLE_MODULES = YES;
				CLANG_ENABLE_OBJC_ARC = YES;
				CLANG_WARN_BOOL_CONVERSION = YES;
				CLANG_WARN_CONSTANT_CONVERSION = YES;
				CLANG_WARN_DIRECT_OBJC_ISA_USAGE = YES_ERROR;
				CLANG_WARN_EMPTY_BODY = YES;
				CLANG_WARN_ENUM_CONVERSION = YES;
				CLANG_WARN_INT_CONVERSION = YES;
				CLANG_WARN_OBJC_ROOT_CLASS = YES_ERROR;
				CLANG_WARN_UNREACHABLE_CODE = YES;
				CLANG_WARN__DUPLICATE_METHOD_MATCH = YES;
				"CODE_SIGN_IDENTITY[sdk=iphoneos*]" = "iPhone Developer";
				COPY_PHASE_STRIP = NO;
				DEBUG_INFORMATION_FORMAT = "dwarf-with-dsym";
				ENABLE_NS_ASSERTIONS = NO;
				ENABLE_STRICT_OBJC_MSGSEND = YES;
				GCC_C_LANGUAGE_STANDARD = gnu99;
				GCC_NO_COMMON_BLOCKS = YES;
				GCC_WARN_64_TO_32_BIT_CONVERSION = YES;
				GCC_WARN_ABOUT_RETURN_TYPE = YES_ERROR;
				GCC_WARN_UNDECLARED_SELECTOR = YES;
				GCC_WARN_UNINITIALIZED_AUTOS = YES_AGGRESSIVE;
				GCC_WARN_UNUSED_FUNCTION = YES;
				GCC_WARN_UNUSED_VARIABLE = YES;
				IPHONEOS_DEPLOYMENT_TARGET = 9.3;
				MTL_ENABLE_DEBUG_INFO = NO;
				SDKROOT = iphoneos;
				TARGETED_DEVICE_FAMILY = "1,2";
				VALIDATE_PRODUCT = YES;
			};
			name = Release;
		};
		0B7F5F091CBEDCEB0042CE3E /* Debug */ = {
			isa = XCBuildConfiguration;
			buildSettings = {
				ASSETCATALOG_COMPILER_APPICON_NAME = AppIcon;
				INFOPLIST_FILE = "oop-game-2/Info.plist";
				LD_RUNPATH_SEARCH_PATHS = "$(inherited) @executable_path/Frameworks";
				PRODUCT_BUNDLE_IDENTIFIER = "com.codycondon.oop-game-2";
				PRODUCT_NAME = "$(TARGET_NAME)";
			};
			name = Debug;
		};
		0B7F5F0A1CBEDCEB0042CE3E /* Release */ = {
			isa = XCBuildConfiguration;
			buildSettings = {
				ASSETCATALOG_COMPILER_APPICON_NAME = AppIcon;
				INFOPLIST_FILE = "oop-game-2/Info.plist";
				LD_RUNPATH_SEARCH_PATHS = "$(inherited) @executable_path/Frameworks";
				PRODUCT_BUNDLE_IDENTIFIER = "com.codycondon.oop-game-2";
				PRODUCT_NAME = "$(TARGET_NAME)";
			};
			name = Release;
		};
		0B7F5F0C1CBEDCEB0042CE3E /* Debug */ = {
			isa = XCBuildConfiguration;
			buildSettings = {
				BUNDLE_LOADER = "$(TEST_HOST)";
				INFOPLIST_FILE = "oop-game-2Tests/Info.plist";
				LD_RUNPATH_SEARCH_PATHS = "$(inherited) @executable_path/Frameworks @loader_path/Frameworks";
				PRODUCT_BUNDLE_IDENTIFIER = "com.codycondon.oop-game-2Tests";
				PRODUCT_NAME = "$(TARGET_NAME)";
				TEST_HOST = "$(BUILT_PRODUCTS_DIR)/oop-game-2.app/oop-game-2";
			};
			name = Debug;
		};
		0B7F5F0D1CBEDCEB0042CE3E /* Release */ = {
			isa = XCBuildConfiguration;
			buildSettings = {
				BUNDLE_LOADER = "$(TEST_HOST)";
				INFOPLIST_FILE = "oop-game-2Tests/Info.plist";
				LD_RUNPATH_SEARCH_PATHS = "$(inherited) @executable_path/Frameworks @loader_path/Frameworks";
				PRODUCT_BUNDLE_IDENTIFIER = "com.codycondon.oop-game-2Tests";
				PRODUCT_NAME = "$(TARGET_NAME)";
				TEST_HOST = "$(BUILT_PRODUCTS_DIR)/oop-game-2.app/oop-game-2";
			};
			name = Release;
		};
		0B7F5F0F1CBEDCEB0042CE3E /* Debug */ = {
			isa = XCBuildConfiguration;
			buildSettings = {
				INFOPLIST_FILE = "oop-game-2UITests/Info.plist";
				LD_RUNPATH_SEARCH_PATHS = "$(inherited) @executable_path/Frameworks @loader_path/Frameworks";
				PRODUCT_BUNDLE_IDENTIFIER = "com.codycondon.oop-game-2UITests";
				PRODUCT_NAME = "$(TARGET_NAME)";
				TEST_TARGET_NAME = "oop-game-2";
			};
			name = Debug;
		};
		0B7F5F101CBEDCEB0042CE3E /* Release */ = {
			isa = XCBuildConfiguration;
			buildSettings = {
				INFOPLIST_FILE = "oop-game-2UITests/Info.plist";
				LD_RUNPATH_SEARCH_PATHS = "$(inherited) @executable_path/Frameworks @loader_path/Frameworks";
				PRODUCT_BUNDLE_IDENTIFIER = "com.codycondon.oop-game-2UITests";
				PRODUCT_NAME = "$(TARGET_NAME)";
				TEST_TARGET_NAME = "oop-game-2";
			};
			name = Release;
		};
/* End XCBuildConfiguration section */

/* Begin XCConfigurationList section */
		0B7F5EDB1CBEDCEB0042CE3E /* Build configuration list for PBXProject "oop-game-2" */ = {
			isa = XCConfigurationList;
			buildConfigurations = (
				0B7F5F061CBEDCEB0042CE3E /* Debug */,
				0B7F5F071CBEDCEB0042CE3E /* Release */,
			);
			defaultConfigurationIsVisible = 0;
			defaultConfigurationName = Release;
		};
		0B7F5F081CBEDCEB0042CE3E /* Build configuration list for PBXNativeTarget "oop-game-2" */ = {
			isa = XCConfigurationList;
			buildConfigurations = (
				0B7F5F091CBEDCEB0042CE3E /* Debug */,
				0B7F5F0A1CBEDCEB0042CE3E /* Release */,
			);
			defaultConfigurationIsVisible = 0;
			defaultConfigurationName = Release;
		};
		0B7F5F0B1CBEDCEB0042CE3E /* Build configuration list for PBXNativeTarget "oop-game-2Tests" */ = {
			isa = XCConfigurationList;
			buildConfigurations = (
				0B7F5F0C1CBEDCEB0042CE3E /* Debug */,
				0B7F5F0D1CBEDCEB0042CE3E /* Release */,
			);
			defaultConfigurationIsVisible = 0;
			defaultConfigurationName = Release;
		};
		0B7F5F0E1CBEDCEB0042CE3E /* Build configuration list for PBXNativeTarget "oop-game-2UITests" */ = {
			isa = XCConfigurationList;
			buildConfigurations = (
				0B7F5F0F1CBEDCEB0042CE3E /* Debug */,
				0B7F5F101CBEDCEB0042CE3E /* Release */,
			);
			defaultConfigurationIsVisible = 0;
			defaultConfigurationName = Release;
		};
/* End XCConfigurationList section */
	};
	rootObject = 0B7F5ED81CBEDCEB0042CE3E /* Project object */;
}
